{
  "requires": true,
  "lockfileVersion": 1,
  "dependencies": {
    "ngx-bootstrap": {
      "version": "5.3.2",
      "resolved": "https://registry.npmjs.org/ngx-bootstrap/-/ngx-bootstrap-5.3.2.tgz",
      "integrity": "sha512-gSMf8EXYl99Q3gqkq4RVhoTNSTYHz2Or6Cig2BJRbLJyqk15ZQE5qcq/ldHS8zzx/wgCA3HQeI63t2j2mEU9PA=="
    }
  }
}
